
Microsoft Visual Studio Solution File, Format Version 12.00
# Visual Studio Version 17
VisualStudioVersion = 17.9.34728.123
MinimumVisualStudioVersion = 10.0.40219.1
Project("{FAE04EC0-301F-11D3-BF4B-00C04F79EFBC}") = "ConsoleApp1", "ConsoleApp1\ConsoleApp1.csproj", "{D2818EEB-F685-4CA7-B3A3-5C4D8840BC30}"
EndProject
Global
	GlobalSection(SolutionConfigurationPlatforms) = preSolution
		Debug|Any CPU = Debug|Any CPU
		Release|Any CPU = Release|Any CPU
	EndGlobalSection
	GlobalSection(ProjectConfigurationPlatforms) = postSolution
		{D2818EEB-F685-4CA7-B3A3-5C4D8840BC30}.Debug|Any CPU.ActiveCfg = Debug|Any CPU
		{D2818EEB-F685-4CA7-B3A3-5C4D8840BC30}.Debug|Any CPU.Build.0 = Debug|Any CPU
		{D2818EEB-F685-4CA7-B3A3-5C4D8840BC30}.Release|Any CPU.ActiveCfg = Release|Any CPU
		{D2818EEB-F685-4CA7-B3A3-5C4D8840BC30}.Release|Any CPU.Build.0 = Release|Any CPU
	EndGlobalSection
	GlobalSection(SolutionProperties) = preSolution
		HideSolutionNode = FALSE
	EndGlobalSection
	GlobalSection(ExtensibilityGlobals) = postSolution
		SolutionGuid = {ED565884-5B10-41D3-8BD1-652BF8713386}
	EndGlobalSection
EndGlobal
